
Microsoft Visual Studio Solution File, Format Version 12.00
# Visual Studio Version 17
VisualStudioVersion = 17.7.34024.191
MinimumVisualStudioVersion = 10.0.40219.1
Project("{FAE04EC0-301F-11D3-BF4B-00C04F79EFBC}") = "development-assignment-4", "development-assignment-4\development-assignment-4.csproj", "{F7D1B3F5-654D-4810-9768-FBB880150DF8}"
EndProject
Global
	GlobalSection(SolutionConfigurationPlatforms) = preSolution
		Debug|Any CPU = Debug|Any CPU
		Release|Any CPU = Release|Any CPU
	EndGlobalSection
	GlobalSection(ProjectConfigurationPlatforms) = postSolution
		{F7D1B3F5-654D-4810-9768-FBB880150DF8}.Debug|Any CPU.ActiveCfg = Debug|Any CPU
		{F7D1B3F5-654D-4810-9768-FBB880150DF8}.Debug|Any CPU.Build.0 = Debug|Any CPU
		{F7D1B3F5-654D-4810-9768-FBB880150DF8}.Release|Any CPU.ActiveCfg = Release|Any CPU
		{F7D1B3F5-654D-4810-9768-FBB880150DF8}.Release|Any CPU.Build.0 = Release|Any CPU
	EndGlobalSection
	GlobalSection(SolutionProperties) = preSolution
		HideSolutionNode = FALSE
	EndGlobalSection
	GlobalSection(ExtensibilityGlobals) = postSolution
		SolutionGuid = {2ECE47E1-638A-418C-9974-69A2476F4B03}
	EndGlobalSection
EndGlobal
